
Microsoft Visual Studio Solution File, Format Version 12.00
# Visual Studio Version 16
VisualStudioVersion = 16.0.31729.503
MinimumVisualStudioVersion = 10.0.40219.1
Project("{FAE04EC0-301F-11D3-BF4B-00C04F79EFBC}") = "IdentityServerAspNetIdentity", "IdentityServerAspNetIdentity\IdentityServerAspNetIdentity.csproj", "{4DA75A4D-D12C-48C1-BEB1-6F952534771C}"
EndProject
Project("{FAE04EC0-301F-11D3-BF4B-00C04F79EFBC}") = "API", "API\API.csproj", "{303B1EB7-E9B3-4185-B55D-68C1103FDC82}"
EndProject
Project("{FAE04EC0-301F-11D3-BF4B-00C04F79EFBC}") = "MvcClient", "MvcClient\MvcClient.csproj", "{F7B4DA95-91DF-4173-95D5-10B5EFF36550}"
EndProject
Global
	GlobalSection(SolutionConfigurationPlatforms) = preSolution
		Debug|Any CPU = Debug|Any CPU
		Release|Any CPU = Release|Any CPU
	EndGlobalSection
	GlobalSection(ProjectConfigurationPlatforms) = postSolution
		{4DA75A4D-D12C-48C1-BEB1-6F952534771C}.Debug|Any CPU.ActiveCfg = Debug|Any CPU
		{4DA75A4D-D12C-48C1-BEB1-6F952534771C}.Debug|Any CPU.Build.0 = Debug|Any CPU
		{4DA75A4D-D12C-48C1-BEB1-6F952534771C}.Release|Any CPU.ActiveCfg = Release|Any CPU
		{4DA75A4D-D12C-48C1-BEB1-6F952534771C}.Release|Any CPU.Build.0 = Release|Any CPU
		{303B1EB7-E9B3-4185-B55D-68C1103FDC82}.Debug|Any CPU.ActiveCfg = Debug|Any CPU
		{303B1EB7-E9B3-4185-B55D-68C1103FDC82}.Debug|Any CPU.Build.0 = Debug|Any CPU
		{303B1EB7-E9B3-4185-B55D-68C1103FDC82}.Release|Any CPU.ActiveCfg = Release|Any CPU
		{303B1EB7-E9B3-4185-B55D-68C1103FDC82}.Release|Any CPU.Build.0 = Release|Any CPU
		{F7B4DA95-91DF-4173-95D5-10B5EFF36550}.Debug|Any CPU.ActiveCfg = Debug|Any CPU
		{F7B4DA95-91DF-4173-95D5-10B5EFF36550}.Debug|Any CPU.Build.0 = Debug|Any CPU
		{F7B4DA95-91DF-4173-95D5-10B5EFF36550}.Release|Any CPU.ActiveCfg = Release|Any CPU
		{F7B4DA95-91DF-4173-95D5-10B5EFF36550}.Release|Any CPU.Build.0 = Release|Any CPU
	EndGlobalSection
	GlobalSection(SolutionProperties) = preSolution
		HideSolutionNode = FALSE
	EndGlobalSection
	GlobalSection(ExtensibilityGlobals) = postSolution
		SolutionGuid = {54102FDC-1EC3-49DC-B8B5-4C12359F2AE5}
	EndGlobalSection
EndGlobal
